// !$*UTF8*$!
{
	archiveVersion = 1;
	classes = {
	};
	objectVersion = 46;
	objects = {

/* Begin PBXBuildFile section */
		0D50E7511F5479E700AFBED7 /* LL.m in Sources */ = {isa = PBXBuildFile; fileRef = 0D50E7501F5479E700AFBED7 /* LL.m */; };
		0D50E7551F547A9300AFBED7 /* LLN.m in Sources */ = {isa = PBXBuildFile; fileRef = 0D50E7541F547A9300AFBED7 /* LLN.m */; };
		0DFDAE691F54624600E0B57D /* main.m in Sources */ = {isa = PBXBuildFile; fileRef = 0DFDAE681F54624600E0B57D /* main.m */; };
/* End PBXBuildFile section */

/* Begin PBXCopyFilesBuildPhase section */
		0DFDAE631F54624600E0B57D /* CopyFiles */ = {
			isa = PBXCopyFilesBuildPhase;
			buildActionMask = 2147483647;
			dstPath = /usr/share/man/man1/;
			dstSubfolderSpec = 0;
			files = (
			);
			runOnlyForDeploymentPostprocessing = 1;
		};
/* End PBXCopyFilesBuildPhase section */

/* Begin PBXFileReference section */
		0D50E74F1F54769500AFBED7 /* main.h */ = {isa = PBXFileReference; lastKnownFileType = sourcecode.c.h; path = main.h; sourceTree = "<group>"; };
		0D50E7501F5479E700AFBED7 /* LL.m */ = {isa = PBXFileReference; fileEncoding = 4; lastKnownFileType = sourcecode.c.objc; path = LL.m; sourceTree = "<group>"; };
		0D50E7521F547A1800AFBED7 /* LL.h */ = {isa = PBXFileReference; lastKnownFileType = sourcecode.c.h; path = LL.h; sourceTree = "<group>"; };
		0D50E7531F547A7A00AFBED7 /* LLN.h */ = {isa = PBXFileReference; lastKnownFileType = sourcecode.c.h; path = LLN.h; sourceTree = "<group>"; };
		0D50E7541F547A9300AFBED7 /* LLN.m */ = {isa = PBXFileReference; fileEncoding = 4; lastKnownFileType = sourcecode.c.objc; path = LLN.m; sourceTree = "<group>"; };
		0DFDAE651F54624600E0B57D /* LinkedListProj */ = {isa = PBXFileReference; explicitFileType = "compiled.mach-o.executable"; includeInIndex = 0; path = LinkedListProj; sourceTree = BUILT_PRODUCTS_DIR; };
		0DFDAE681F54624600E0B57D /* main.m */ = {isa = PBXFileReference; lastKnownFileType = sourcecode.c.objc; path = main.m; sourceTree = "<group>"; };
/* End PBXFileReference section */

/* Begin PBXFrameworksBuildPhase section */
		0DFDAE621F54624600E0B57D /* Frameworks */ = {
			isa = PBXFrameworksBuildPhase;
			buildActionMask = 2147483647;
			files = (
			);
			runOnlyForDeploymentPostprocessing = 0;
		};
/* End PBXFrameworksBuildPhase section */

/* Begin PBXGroup section */
		0DFDAE5C1F54624600E0B57D = {
			isa = PBXGroup;
			children = (
				0DFDAE671F54624600E0B57D /* LinkedListProj */,
				0DFDAE661F54624600E0B57D /* Products */,
			);
			sourceTree = "<group>";
		};
		0DFDAE661F54624600E0B57D /* Products */ = {
			isa = PBXGroup;
			children = (
				0DFDAE651F54624600E0B57D /* LinkedListProj */,
			);
			name = Products;
			sourceTree = "<group>";
		};
		0DFDAE671F54624600E0B57D /* LinkedListProj */ = {
			isa = PBXGroup;
			children = (
				0D50E74F1F54769500AFBED7 /* main.h */,
				0DFDAE681F54624600E0B57D /* main.m */,
				0D50E7501F5479E700AFBED7 /* LL.m */,
				0D50E7521F547A1800AFBED7 /* LL.h */,
				0D50E7531F547A7A00AFBED7 /* LLN.h */,
				0D50E7541F547A9300AFBED7 /* LLN.m */,
			);
			path = LinkedListProj;
			sourceTree = "<group>";
		};
/* End PBXGroup section */

/* Begin PBXNativeTarget section */
		0DFDAE641F54624600E0B57D /* LinkedListProj */ = {
			isa = PBXNativeTarget;
			buildConfigurationList = 0DFDAE6C1F54624600E0B57D /* Build configuration list for PBXNativeTarget "LinkedListProj" */;
			buildPhases = (
				0DFDAE611F54624600E0B57D /* Sources */,
				0DFDAE621F54624600E0B57D /* Frameworks */,
				0DFDAE631F54624600E0B57D /* CopyFiles */,
			);
			buildRules = (
			);
			dependencies = (
			);
			name = LinkedListProj;
			productName = LinkedListProj;
			productReference = 0DFDAE651F54624600E0B57D /* LinkedListProj */;
			productType = "com.apple.product-type.tool";
		};
/* End PBXNativeTarget section */

/* Begin PBXProject section */
		0DFDAE5D1F54624600E0B57D /* Project object */ = {
			isa = PBXProject;
			attributes = {
				LastUpgradeCheck = 0830;
				ORGANIZATIONNAME = "Nate Schreiner";
				TargetAttributes = {
					0DFDAE641F54624600E0B57D = {
						CreatedOnToolsVersion = 8.3.1;
						ProvisioningStyle = Automatic;
					};
				};
			};
			buildConfigurationList = 0DFDAE601F54624600E0B57D /* Build configuration list for PBXProject "LinkedListProj" */;
			compatibilityVersion = "Xcode 3.2";
			developmentRegion = English;
			hasScannedForEncodings = 0;
			knownRegions = (
				en,
			);
			mainGroup = 0DFDAE5C1F54624600E0B57D;
			productRefGroup = 0DFDAE661F54624600E0B57D /* Products */;
			projectDirPath = "";
			projectRoot = "";
			targets = (
				0DFDAE641F54624600E0B57D /* LinkedListProj */,
			);
		};
/* End PBXProject section */

/* Begin PBXSourcesBuildPhase section */
		0DFDAE611F54624600E0B57D /* Sources */ = {
			isa = PBXSourcesBuildPhase;
			buildActionMask = 2147483647;
			files = (
				0D50E7551F547A9300AFBED7 /* LLN.m in Sources */,
				0DFDAE691F54624600E0B57D /* main.m in Sources */,
				0D50E7511F5479E700AFBED7 /* LL.m in Sources */,
			);
			runOnlyForDeploymentPostprocessing = 0;
		};
/* End PBXSourcesBuildPhase section */

/* Begin XCBuildConfiguration section */
		0DFDAE6A1F54624600E0B57D /* Debug */ = {
			isa = XCBuildConfiguration;
			buildSettings = {
				ALWAYS_SEARCH_USER_PATHS = NO;
				CLANG_ANALYZER_NONNULL = YES;
				CLANG_ANALYZER_NUMBER_OBJECT_CONVERSION = YES_AGGRESSIVE;
				CLANG_CXX_LANGUAGE_STANDARD = "gnu++0x";
				CLANG_CXX_LIBRARY = "libc++";
				CLANG_ENABLE_MODULES = YES;
				CLANG_ENABLE_OBJC_ARC = YES;
				CLANG_WARN_BOOL_CONVERSION = YES;
				CLANG_WARN_CONSTANT_CONVERSION = YES;
				CLANG_WARN_DIRECT_OBJC_ISA_USAGE = YES_ERROR;
				CLANG_WARN_DOCUMENTATION_COMMENTS = YES;
				CLANG_WARN_EMPTY_BODY = YES;
				CLANG_WARN_ENUM_CONVERSION = YES;
				CLANG_WARN_INFINITE_RECURSION = YES;
				CLANG_WARN_INT_CONVERSION = YES;
				CLANG_WARN_OBJC_ROOT_CLASS = YES_ERROR;
				CLANG_WARN_SUSPICIOUS_MOVE = YES;
				CLANG_WARN_UNREACHABLE_CODE = YES;
				CLANG_WARN__DUPLICATE_METHOD_MATCH = YES;
				CODE_SIGN_IDENTITY = "-";
				COPY_PHASE_STRIP = NO;
				DEBUG_INFORMATION_FORMAT = dwarf;
				ENABLE_STRICT_OBJC_MSGSEND = YES;
				ENABLE_TESTABILITY = YES;
				GCC_C_LANGUAGE_STANDARD = gnu99;
				GCC_DYNAMIC_NO_PIC = NO;
				GCC_NO_COMMON_BLOCKS = YES;
				GCC_OPTIMIZATION_LEVEL = 0;
				GCC_PREPROCESSOR_DEFINITIONS = (
					"DEBUG=1",
					"$(inherited)",
				);
				GCC_WARN_64_TO_32_BIT_CONVERSION = YES;
				GCC_WARN_ABOUT_RETURN_TYPE = YES_ERROR;
				GCC_WARN_UNDECLARED_SELECTOR = YES;
				GCC_WARN_UNINITIALIZED_AUTOS = YES_AGGRESSIVE;
				GCC_WARN_UNUSED_FUNCTION = YES;
				GCC_WARN_UNUSED_VARIABLE = YES;
				MACOSX_DEPLOYMENT_TARGET = 10.12;
				MTL_ENABLE_DEBUG_INFO = YES;
				ONLY_ACTIVE_ARCH = YES;
				SDKROOT = macosx;
			};
			name = Debug;
		};
		0DFDAE6B1F54624600E0B57D /* Release */ = {
			isa = XCBuildConfiguration;
			buildSettings = {
				ALWAYS_SEARCH_USER_PATHS = NO;
				CLANG_ANALYZER_NONNULL = YES;
				CLANG_ANALYZER_NUMBER_OBJECT_CONVERSION = YES_AGGRESSIVE;
				CLANG_CXX_LANGUAGE_STANDARD = "gnu++0x";
				CLANG_CXX_LIBRARY = "libc++";
				CLANG_ENABLE_MODULES = YES;
				CLANG_ENABLE_OBJC_ARC = YES;
				CLANG_WARN_BOOL_CONVERSION = YES;
				CLANG_WARN_CONSTANT_CONVERSION = YES;
				CLANG_WARN_DIRECT_OBJC_ISA_USAGE = YES_ERROR;
				CLANG_WARN_DOCUMENTATION_COMMENTS = YES;
				CLANG_WARN_EMPTY_BODY = YES;
				CLANG_WARN_ENUM_CONVERSION = YES;
				CLANG_WARN_INFINITE_RECURSION = YES;
				CLANG_WARN_INT_CONVERSION = YES;
				CLANG_WARN_OBJC_ROOT_CLASS = YES_ERROR;
				CLANG_WARN_SUSPICIOUS_MOVE = YES;
				CLANG_WARN_UNREACHABLE_CODE = YES;
				CLANG_WARN__DUPLICATE_METHOD_MATCH = YES;
				CODE_SIGN_IDENTITY = "-";
				COPY_PHASE_STRIP = NO;
				DEBUG_INFORMATION_FORMAT = "dwarf-with-dsym";
				ENABLE_NS_ASSERTIONS = NO;
				ENABLE_STRICT_OBJC_MSGSEND = YES;
				GCC_C_LANGUAGE_STANDARD = gnu99;
				GCC_NO_COMMON_BLOCKS = YES;
				GCC_WARN_64_TO_32_BIT_CONVERSION = YES;
				GCC_WARN_ABOUT_RETURN_TYPE = YES_ERROR;
				GCC_WARN_UNDECLARED_SELECTOR = YES;
				GCC_WARN_UNINITIALIZED_AUTOS = YES_AGGRESSIVE;
				GCC_WARN_UNUSED_FUNCTION = YES;
				GCC_WARN_UNUSED_VARIABLE = YES;
				MACOSX_DEPLOYMENT_TARGET = 10.12;
				MTL_ENABLE_DEBUG_INFO = NO;
				SDKROOT = macosx;
			};
			name = Release;
		};
		0DFDAE6D1F54624600E0B57D /* Debug */ = {
			isa = XCBuildConfiguration;
			buildSettings = {
				PRODUCT_NAME = "$(TARGET_NAME)";
			};
			name = Debug;
		};
		0DFDAE6E1F54624600E0B57D /* Release */ = {
			isa = XCBuildConfiguration;
			buildSettings = {
				PRODUCT_NAME = "$(TARGET_NAME)";
			};
			name = Release;
		};
/* End XCBuildConfiguration section */

/* Begin XCConfigurationList section */
		0DFDAE601F54624600E0B57D /* Build configuration list for PBXProject "LinkedListProj" */ = {
			isa = XCConfigurationList;
			buildConfigurations = (
				0DFDAE6A1F54624600E0B57D /* Debug */,
				0DFDAE6B1F54624600E0B57D /* Release */,
			);
			defaultConfigurationIsVisible = 0;
			defaultConfigurationName = Release;
		};
		0DFDAE6C1F54624600E0B57D /* Build configuration list for PBXNativeTarget "LinkedListProj" */ = {
			isa = XCConfigurationList;
			buildConfigurations = (
				0DFDAE6D1F54624600E0B57D /* Debug */,
				0DFDAE6E1F54624600E0B57D /* Release */,
			);
			defaultConfigurationIsVisible = 0;
			defaultConfigurationName = Release;
		};
/* End XCConfigurationList section */
	};
	rootObject = 0DFDAE5D1F54624600E0B57D /* Project object */;
}
